
Microsoft Visual Studio Solution File, Format Version 12.00
# Visual Studio 15
VisualStudioVersion = 15.0.28307.136
MinimumVisualStudioVersion = 10.0.40219.1
Project("{9A19103F-16F7-4668-BE54-9A1E7A4F7556}") = "CheckLanguage", "CheckLanguage\CheckLanguage.csproj", "{02F2950C-392C-47BB-8856-C991F4879676}"
EndProject
Project("{FAE04EC0-301F-11D3-BF4B-00C04F79EFBC}") = "CheckLanguage.UnitTests", "CheckLanguage.UnitTests\CheckLanguage.UnitTests.csproj", "{6B15B2DE-1EC8-47E3-8D35-338CE2B08C1F}"
EndProject
Global
	GlobalSection(SolutionConfigurationPlatforms) = preSolution
		Debug|Any CPU = Debug|Any CPU
		Release|Any CPU = Release|Any CPU
	EndGlobalSection
	GlobalSection(ProjectConfigurationPlatforms) = postSolution
		{02F2950C-392C-47BB-8856-C991F4879676}.Debug|Any CPU.ActiveCfg = Debug|Any CPU
		{02F2950C-392C-47BB-8856-C991F4879676}.Debug|Any CPU.Build.0 = Debug|Any CPU
		{02F2950C-392C-47BB-8856-C991F4879676}.Release|Any CPU.ActiveCfg = Release|Any CPU
		{02F2950C-392C-47BB-8856-C991F4879676}.Release|Any CPU.Build.0 = Release|Any CPU
		{6B15B2DE-1EC8-47E3-8D35-338CE2B08C1F}.Debug|Any CPU.ActiveCfg = Debug|Any CPU
		{6B15B2DE-1EC8-47E3-8D35-338CE2B08C1F}.Debug|Any CPU.Build.0 = Debug|Any CPU
		{6B15B2DE-1EC8-47E3-8D35-338CE2B08C1F}.Release|Any CPU.ActiveCfg = Release|Any CPU
		{6B15B2DE-1EC8-47E3-8D35-338CE2B08C1F}.Release|Any CPU.Build.0 = Release|Any CPU
	EndGlobalSection
	GlobalSection(SolutionProperties) = preSolution
		HideSolutionNode = FALSE
	EndGlobalSection
	GlobalSection(ExtensibilityGlobals) = postSolution
		SolutionGuid = {62255178-2EDE-4119-AD8C-6A339F6152C0}
	EndGlobalSection
EndGlobal
